// !$*UTF8*$!
{
	archiveVersion = 1;
	classes = {
	};
	objectVersion = 50;
	objects = {

/* Begin PBXBuildFile section */
		04162CBA4D86C852DAE79E00 /* Pods_PeriodTrackerUITests.framework in Frameworks */ = {isa = PBXBuildFile; fileRef = E02AF78A11499E3611B5AF48 /* Pods_PeriodTrackerUITests.framework */; };
		5E0DF940ADB35AB0DBCE4F21 /* Pods_PeriodTrackerTests.framework in Frameworks */ = {isa = PBXBuildFile; fileRef = 7A2FF5B100B3127FAF5792D6 /* Pods_PeriodTrackerTests.framework */; };
		8775BD39F02184401D8E92B2 /* Pods_PeriodTracker.framework in Frameworks */ = {isa = PBXBuildFile; fileRef = 119659E10A4888F625C05EF7 /* Pods_PeriodTracker.framework */; };
		9242969821A13ECE003A3CD3 /* NavigationController.swift in Sources */ = {isa = PBXBuildFile; fileRef = 9242969721A13ECE003A3CD3 /* NavigationController.swift */; };
		92750D692198FCA800624CE5 /* GoogleService-Info.plist in Resources */ = {isa = PBXBuildFile; fileRef = 92750D682198FCA800624CE5 /* GoogleService-Info.plist */; };
		927E2EFE218F9689008EC8CB /* InitialScreen.swift in Sources */ = {isa = PBXBuildFile; fileRef = 927E2EFD218F9689008EC8CB /* InitialScreen.swift */; };
		927E2F02218F9ACA008EC8CB /* RegisterController.swift in Sources */ = {isa = PBXBuildFile; fileRef = 927E2F01218F9ACA008EC8CB /* RegisterController.swift */; };
		927E2F04218FCC2D008EC8CB /* MainTabController.swift in Sources */ = {isa = PBXBuildFile; fileRef = 927E2F03218FCC2D008EC8CB /* MainTabController.swift */; };
		929EC60821A11FDD0087A6DE /* LoginController.swift in Sources */ = {isa = PBXBuildFile; fileRef = 929EC60721A11FDD0087A6DE /* LoginController.swift */; };
		92C9F8AE217BFE9C003E5E4B /* ThirdViewController.swift in Sources */ = {isa = PBXBuildFile; fileRef = 92C9F8AD217BFE9C003E5E4B /* ThirdViewController.swift */; };
		D51DC64921AC78F900E7DAF8 /* DoneButtonExtension.swift in Sources */ = {isa = PBXBuildFile; fileRef = D51DC64521AC78F900E7DAF8 /* DoneButtonExtension.swift */; };
		D51DC64A21AC78F900E7DAF8 /* MonthView.swift in Sources */ = {isa = PBXBuildFile; fileRef = D51DC64621AC78F900E7DAF8 /* MonthView.swift */; };
		D51DC64B21AC78F900E7DAF8 /* CalenderView.swift in Sources */ = {isa = PBXBuildFile; fileRef = D51DC64721AC78F900E7DAF8 /* CalenderView.swift */; };
		D51DC64C21AC78F900E7DAF8 /* WeekdaysView.swift in Sources */ = {isa = PBXBuildFile; fileRef = D51DC64821AC78F900E7DAF8 /* WeekdaysView.swift */; };
		D551ABA821B33A6A008D5B25 /* period.mlmodel in Sources */ = {isa = PBXBuildFile; fileRef = D551ABA721B33A6A008D5B25 /* period.mlmodel */; };
		D59B0FFD216ACDE100810373 /* AppDelegate.swift in Sources */ = {isa = PBXBuildFile; fileRef = D59B0FFC216ACDE100810373 /* AppDelegate.swift */; };
		D59B0FFF216ACDE100810373 /* FirstViewController.swift in Sources */ = {isa = PBXBuildFile; fileRef = D59B0FFE216ACDE100810373 /* FirstViewController.swift */; };
		D59B1001216ACDE100810373 /* CalendarViewController.swift in Sources */ = {isa = PBXBuildFile; fileRef = D59B1000216ACDE100810373 /* CalendarViewController.swift */; };
		D59B1004216ACDE100810373 /* Main.storyboard in Resources */ = {isa = PBXBuildFile; fileRef = D59B1002216ACDE100810373 /* Main.storyboard */; };
		D59B1006216ACDE400810373 /* Assets.xcassets in Resources */ = {isa = PBXBuildFile; fileRef = D59B1005216ACDE400810373 /* Assets.xcassets */; };
		D59B1009216ACDE400810373 /* LaunchScreen.storyboard in Resources */ = {isa = PBXBuildFile; fileRef = D59B1007216ACDE400810373 /* LaunchScreen.storyboard */; };
		D59B1014216ACDE400810373 /* PeriodTrackerTests.swift in Sources */ = {isa = PBXBuildFile; fileRef = D59B1013216ACDE400810373 /* PeriodTrackerTests.swift */; };
		D59B101F216ACDE400810373 /* PeriodTrackerUITests.swift in Sources */ = {isa = PBXBuildFile; fileRef = D59B101E216ACDE400810373 /* PeriodTrackerUITests.swift */; };
		D5D2541F21A46AF300563B2A /* ResetPassword.swift in Sources */ = {isa = PBXBuildFile; fileRef = D5D2541E21A46AF300563B2A /* ResetPassword.swift */; };
		D5D2542121A6376F00563B2A /* LoveScreen.swift in Sources */ = {isa = PBXBuildFile; fileRef = D5D2542021A6376F00563B2A /* LoveScreen.swift */; };
/* End PBXBuildFile section */

/* Begin PBXContainerItemProxy section */
		D59B1010216ACDE400810373 /* PBXContainerItemProxy */ = {
			isa = PBXContainerItemProxy;
			containerPortal = D59B0FF1216ACDE100810373 /* Project object */;
			proxyType = 1;
			remoteGlobalIDString = D59B0FF8216ACDE100810373;
			remoteInfo = PeriodTracker;
		};
		D59B101B216ACDE400810373 /* PBXContainerItemProxy */ = {
			isa = PBXContainerItemProxy;
			containerPortal = D59B0FF1216ACDE100810373 /* Project object */;
			proxyType = 1;
			remoteGlobalIDString = D59B0FF8216ACDE100810373;
			remoteInfo = PeriodTracker;
		};
/* End PBXContainerItemProxy section */

/* Begin PBXFileReference section */
		042F7C215C0E2635B2BD0ADF /* Pods-PeriodTrackerTests.debug.xcconfig */ = {isa = PBXFileReference; includeInIndex = 1; lastKnownFileType = text.xcconfig; name = "Pods-PeriodTrackerTests.debug.xcconfig"; path = "Pods/Target Support Files/Pods-PeriodTrackerTests/Pods-PeriodTrackerTests.debug.xcconfig"; sourceTree = "<group>"; };
		119659E10A4888F625C05EF7 /* Pods_PeriodTracker.framework */ = {isa = PBXFileReference; explicitFileType = wrapper.framework; includeInIndex = 0; path = Pods_PeriodTracker.framework; sourceTree = BUILT_PRODUCTS_DIR; };
		6FFAC3AC2EA7609B288FDC9B /* Pods-PeriodTracker.release.xcconfig */ = {isa = PBXFileReference; includeInIndex = 1; lastKnownFileType = text.xcconfig; name = "Pods-PeriodTracker.release.xcconfig"; path = "Pods/Target Support Files/Pods-PeriodTracker/Pods-PeriodTracker.release.xcconfig"; sourceTree = "<group>"; };
		724B317DF1A5F98FF23B4A03 /* Pods-PeriodTrackerTests.release.xcconfig */ = {isa = PBXFileReference; includeInIndex = 1; lastKnownFileType = text.xcconfig; name = "Pods-PeriodTrackerTests.release.xcconfig"; path = "Pods/Target Support Files/Pods-PeriodTrackerTests/Pods-PeriodTrackerTests.release.xcconfig"; sourceTree = "<group>"; };
		7A2FF5B100B3127FAF5792D6 /* Pods_PeriodTrackerTests.framework */ = {isa = PBXFileReference; explicitFileType = wrapper.framework; includeInIndex = 0; path = Pods_PeriodTrackerTests.framework; sourceTree = BUILT_PRODUCTS_DIR; };
		9242969721A13ECE003A3CD3 /* NavigationController.swift */ = {isa = PBXFileReference; lastKnownFileType = sourcecode.swift; path = NavigationController.swift; sourceTree = "<group>"; };
		92750D682198FCA800624CE5 /* GoogleService-Info.plist */ = {isa = PBXFileReference; fileEncoding = 4; lastKnownFileType = text.plist.xml; path = "GoogleService-Info.plist"; sourceTree = "<group>"; };
		927E2EFD218F9689008EC8CB /* InitialScreen.swift */ = {isa = PBXFileReference; lastKnownFileType = sourcecode.swift; path = InitialScreen.swift; sourceTree = "<group>"; };
		927E2F01218F9ACA008EC8CB /* RegisterController.swift */ = {isa = PBXFileReference; lastKnownFileType = sourcecode.swift; path = RegisterController.swift; sourceTree = "<group>"; };
		927E2F03218FCC2D008EC8CB /* MainTabController.swift */ = {isa = PBXFileReference; fileEncoding = 4; lastKnownFileType = sourcecode.swift; path = MainTabController.swift; sourceTree = "<group>"; };
		929EC60721A11FDD0087A6DE /* LoginController.swift */ = {isa = PBXFileReference; lastKnownFileType = sourcecode.swift; path = LoginController.swift; sourceTree = "<group>"; };
		92C9F8AD217BFE9C003E5E4B /* ThirdViewController.swift */ = {isa = PBXFileReference; lastKnownFileType = sourcecode.swift; path = ThirdViewController.swift; sourceTree = "<group>"; };
		CE643EA13668161122F88C38 /* Pods-PeriodTrackerUITests.release.xcconfig */ = {isa = PBXFileReference; includeInIndex = 1; lastKnownFileType = text.xcconfig; name = "Pods-PeriodTrackerUITests.release.xcconfig"; path = "Pods/Target Support Files/Pods-PeriodTrackerUITests/Pods-PeriodTrackerUITests.release.xcconfig"; sourceTree = "<group>"; };
		CF5EAF6E600579F1ADBF3FE9 /* Pods-PeriodTracker.debug.xcconfig */ = {isa = PBXFileReference; includeInIndex = 1; lastKnownFileType = text.xcconfig; name = "Pods-PeriodTracker.debug.xcconfig"; path = "Pods/Target Support Files/Pods-PeriodTracker/Pods-PeriodTracker.debug.xcconfig"; sourceTree = "<group>"; };
		D51DC64521AC78F900E7DAF8 /* DoneButtonExtension.swift */ = {isa = PBXFileReference; fileEncoding = 4; lastKnownFileType = sourcecode.swift; name = DoneButtonExtension.swift; path = ../DoneButtonExtension.swift; sourceTree = "<group>"; };
		D51DC64621AC78F900E7DAF8 /* MonthView.swift */ = {isa = PBXFileReference; fileEncoding = 4; lastKnownFileType = sourcecode.swift; name = MonthView.swift; path = ../MonthView.swift; sourceTree = "<group>"; };
		D51DC64721AC78F900E7DAF8 /* CalenderView.swift */ = {isa = PBXFileReference; fileEncoding = 4; lastKnownFileType = sourcecode.swift; name = CalenderView.swift; path = ../CalenderView.swift; sourceTree = "<group>"; };
		D51DC64821AC78F900E7DAF8 /* WeekdaysView.swift */ = {isa = PBXFileReference; fileEncoding = 4; lastKnownFileType = sourcecode.swift; name = WeekdaysView.swift; path = ../WeekdaysView.swift; sourceTree = "<group>"; };
		D551ABA721B33A6A008D5B25 /* period.mlmodel */ = {isa = PBXFileReference; lastKnownFileType = file.mlmodel; name = period.mlmodel; path = ../../../../../../Desktop/Archive/period.mlmodel; sourceTree = "<group>"; };
		D59B0FF9216ACDE100810373 /* PeriodTracker.app */ = {isa = PBXFileReference; explicitFileType = wrapper.application; includeInIndex = 0; path = PeriodTracker.app; sourceTree = BUILT_PRODUCTS_DIR; };
		D59B0FFC216ACDE100810373 /* AppDelegate.swift */ = {isa = PBXFileReference; lastKnownFileType = sourcecode.swift; path = AppDelegate.swift; sourceTree = "<group>"; };
		D59B0FFE216ACDE100810373 /* FirstViewController.swift */ = {isa = PBXFileReference; lastKnownFileType = sourcecode.swift; path = FirstViewController.swift; sourceTree = "<group>"; };
		D59B1000216ACDE100810373 /* CalendarViewController.swift */ = {isa = PBXFileReference; lastKnownFileType = sourcecode.swift; path = CalendarViewController.swift; sourceTree = "<group>"; };
		D59B1003216ACDE100810373 /* Base */ = {isa = PBXFileReference; lastKnownFileType = file.storyboard; name = Base; path = Base.lproj/Main.storyboard; sourceTree = "<group>"; };
		D59B1005216ACDE400810373 /* Assets.xcassets */ = {isa = PBXFileReference; lastKnownFileType = folder.assetcatalog; path = Assets.xcassets; sourceTree = "<group>"; };
		D59B1008216ACDE400810373 /* Base */ = {isa = PBXFileReference; lastKnownFileType = file.storyboard; name = Base; path = Base.lproj/LaunchScreen.storyboard; sourceTree = "<group>"; };
		D59B100A216ACDE400810373 /* Info.plist */ = {isa = PBXFileReference; lastKnownFileType = text.plist.xml; path = Info.plist; sourceTree = "<group>"; };
		D59B100F216ACDE400810373 /* PeriodTrackerTests.xctest */ = {isa = PBXFileReference; explicitFileType = wrapper.cfbundle; includeInIndex = 0; path = PeriodTrackerTests.xctest; sourceTree = BUILT_PRODUCTS_DIR; };
		D59B1013216ACDE400810373 /* PeriodTrackerTests.swift */ = {isa = PBXFileReference; lastKnownFileType = sourcecode.swift; path = PeriodTrackerTests.swift; sourceTree = "<group>"; };
		D59B1015216ACDE400810373 /* Info.plist */ = {isa = PBXFileReference; lastKnownFileType = text.plist.xml; path = Info.plist; sourceTree = "<group>"; };
		D59B101A216ACDE400810373 /* PeriodTrackerUITests.xctest */ = {isa = PBXFileReference; explicitFileType = wrapper.cfbundle; includeInIndex = 0; path = PeriodTrackerUITests.xctest; sourceTree = BUILT_PRODUCTS_DIR; };
		D59B101E216ACDE400810373 /* PeriodTrackerUITests.swift */ = {isa = PBXFileReference; lastKnownFileType = sourcecode.swift; path = PeriodTrackerUITests.swift; sourceTree = "<group>"; };
		D59B1020216ACDE400810373 /* Info.plist */ = {isa = PBXFileReference; lastKnownFileType = text.plist.xml; path = Info.plist; sourceTree = "<group>"; };
		D5D2541E21A46AF300563B2A /* ResetPassword.swift */ = {isa = PBXFileReference; lastKnownFileType = sourcecode.swift; path = ResetPassword.swift; sourceTree = "<group>"; };
		D5D2542021A6376F00563B2A /* LoveScreen.swift */ = {isa = PBXFileReference; lastKnownFileType = sourcecode.swift; path = LoveScreen.swift; sourceTree = "<group>"; };
		E02AF78A11499E3611B5AF48 /* Pods_PeriodTrackerUITests.framework */ = {isa = PBXFileReference; explicitFileType = wrapper.framework; includeInIndex = 0; path = Pods_PeriodTrackerUITests.framework; sourceTree = BUILT_PRODUCTS_DIR; };
		F77F128594107599BE357FA5 /* Pods-PeriodTrackerUITests.debug.xcconfig */ = {isa = PBXFileReference; includeInIndex = 1; lastKnownFileType = text.xcconfig; name = "Pods-PeriodTrackerUITests.debug.xcconfig"; path = "Pods/Target Support Files/Pods-PeriodTrackerUITests/Pods-PeriodTrackerUITests.debug.xcconfig"; sourceTree = "<group>"; };
/* End PBXFileReference section */

/* Begin PBXFrameworksBuildPhase section */
		D59B0FF6216ACDE100810373 /* Frameworks */ = {
			isa = PBXFrameworksBuildPhase;
			buildActionMask = 2147483647;
			files = (
				8775BD39F02184401D8E92B2 /* Pods_PeriodTracker.framework in Frameworks */,
			);
			runOnlyForDeploymentPostprocessing = 0;
		};
		D59B100C216ACDE400810373 /* Frameworks */ = {
			isa = PBXFrameworksBuildPhase;
			buildActionMask = 2147483647;
			files = (
				5E0DF940ADB35AB0DBCE4F21 /* Pods_PeriodTrackerTests.framework in Frameworks */,
			);
			runOnlyForDeploymentPostprocessing = 0;
		};
		D59B1017216ACDE400810373 /* Frameworks */ = {
			isa = PBXFrameworksBuildPhase;
			buildActionMask = 2147483647;
			files = (
				04162CBA4D86C852DAE79E00 /* Pods_PeriodTrackerUITests.framework in Frameworks */,
			);
			runOnlyForDeploymentPostprocessing = 0;
		};
/* End PBXFrameworksBuildPhase section */

/* Begin PBXGroup section */
		35C5461257D8EF2B1D492244 /* Pods */ = {
			isa = PBXGroup;
			children = (
				CF5EAF6E600579F1ADBF3FE9 /* Pods-PeriodTracker.debug.xcconfig */,
				6FFAC3AC2EA7609B288FDC9B /* Pods-PeriodTracker.release.xcconfig */,
				042F7C215C0E2635B2BD0ADF /* Pods-PeriodTrackerTests.debug.xcconfig */,
				724B317DF1A5F98FF23B4A03 /* Pods-PeriodTrackerTests.release.xcconfig */,
				F77F128594107599BE357FA5 /* Pods-PeriodTrackerUITests.debug.xcconfig */,
				CE643EA13668161122F88C38 /* Pods-PeriodTrackerUITests.release.xcconfig */,
			);
			name = Pods;
			sourceTree = "<group>";
		};
		BE71050A2CF1BB4EA4830CC6 /* Frameworks */ = {
			isa = PBXGroup;
			children = (
				119659E10A4888F625C05EF7 /* Pods_PeriodTracker.framework */,
				7A2FF5B100B3127FAF5792D6 /* Pods_PeriodTrackerTests.framework */,
				E02AF78A11499E3611B5AF48 /* Pods_PeriodTrackerUITests.framework */,
			);
			name = Frameworks;
			sourceTree = "<group>";
		};
		D59B0FF0216ACDE100810373 = {
			isa = PBXGroup;
			children = (
				D59B0FFB216ACDE100810373 /* PeriodTracker */,
				D59B1012216ACDE400810373 /* PeriodTrackerTests */,
				D59B101D216ACDE400810373 /* PeriodTrackerUITests */,
				D59B0FFA216ACDE100810373 /* Products */,
				35C5461257D8EF2B1D492244 /* Pods */,
				BE71050A2CF1BB4EA4830CC6 /* Frameworks */,
			);
			sourceTree = "<group>";
		};
		D59B0FFA216ACDE100810373 /* Products */ = {
			isa = PBXGroup;
			children = (
				D59B0FF9216ACDE100810373 /* PeriodTracker.app */,
				D59B100F216ACDE400810373 /* PeriodTrackerTests.xctest */,
				D59B101A216ACDE400810373 /* PeriodTrackerUITests.xctest */,
			);
			name = Products;
			sourceTree = "<group>";
		};
		D59B0FFB216ACDE100810373 /* PeriodTracker */ = {
			isa = PBXGroup;
			children = (
				D59B0FFC216ACDE100810373 /* AppDelegate.swift */,
				927E2EFD218F9689008EC8CB /* InitialScreen.swift */,
				D5D2541E21A46AF300563B2A /* ResetPassword.swift */,
				927E2F01218F9ACA008EC8CB /* RegisterController.swift */,
				929EC60721A11FDD0087A6DE /* LoginController.swift */,
				927E2F03218FCC2D008EC8CB /* MainTabController.swift */,
				9242969721A13ECE003A3CD3 /* NavigationController.swift */,
				D59B0FFE216ACDE100810373 /* FirstViewController.swift */,
				D5D2542021A6376F00563B2A /* LoveScreen.swift */,
				D59B1000216ACDE100810373 /* CalendarViewController.swift */,
				D51DC64721AC78F900E7DAF8 /* CalenderView.swift */,
				D51DC64521AC78F900E7DAF8 /* DoneButtonExtension.swift */,
				D51DC64621AC78F900E7DAF8 /* MonthView.swift */,
				D51DC64821AC78F900E7DAF8 /* WeekdaysView.swift */,
				92C9F8AD217BFE9C003E5E4B /* ThirdViewController.swift */,
				D59B1002216ACDE100810373 /* Main.storyboard */,
				D59B1005216ACDE400810373 /* Assets.xcassets */,
				D59B1007216ACDE400810373 /* LaunchScreen.storyboard */,
				D551ABA721B33A6A008D5B25 /* period.mlmodel */,
				92750D682198FCA800624CE5 /* GoogleService-Info.plist */,
				D59B100A216ACDE400810373 /* Info.plist */,
			);
			path = PeriodTracker;
			sourceTree = "<group>";
		};
		D59B1012216ACDE400810373 /* PeriodTrackerTests */ = {
			isa = PBXGroup;
			children = (
				D59B1013216ACDE400810373 /* PeriodTrackerTests.swift */,
				D59B1015216ACDE400810373 /* Info.plist */,
			);
			path = PeriodTrackerTests;
			sourceTree = "<group>";
		};
		D59B101D216ACDE400810373 /* PeriodTrackerUITests */ = {
			isa = PBXGroup;
			children = (
				D59B101E216ACDE400810373 /* PeriodTrackerUITests.swift */,
				D59B1020216ACDE400810373 /* Info.plist */,
			);
			path = PeriodTrackerUITests;
			sourceTree = "<group>";
		};
/* End PBXGroup section */

/* Begin PBXNativeTarget section */
		D59B0FF8216ACDE100810373 /* PeriodTracker */ = {
			isa = PBXNativeTarget;
			buildConfigurationList = D59B1023216ACDE400810373 /* Build configuration list for PBXNativeTarget "PeriodTracker" */;
			buildPhases = (
				D7CA854BF67C50F488C53B38 /* [CP] Check Pods Manifest.lock */,
				D59B0FF5216ACDE100810373 /* Sources */,
				D59B0FF6216ACDE100810373 /* Frameworks */,
				D59B0FF7216ACDE100810373 /* Resources */,
				D3C77F004E4714276825628E /* [CP] Embed Pods Frameworks */,
				8A0ECCE7C4995112AF07146E /* [CP] Copy Pods Resources */,
			);
			buildRules = (
			);
			dependencies = (
			);
			name = PeriodTracker;
			productName = PeriodTracker;
			productReference = D59B0FF9216ACDE100810373 /* PeriodTracker.app */;
			productType = "com.apple.product-type.application";
		};
		D59B100E216ACDE400810373 /* PeriodTrackerTests */ = {
			isa = PBXNativeTarget;
			buildConfigurationList = D59B1026216ACDE400810373 /* Build configuration list for PBXNativeTarget "PeriodTrackerTests" */;
			buildPhases = (
				6E798384B8C2CDABD264AEB4 /* [CP] Check Pods Manifest.lock */,
				D59B100B216ACDE400810373 /* Sources */,
				D59B100C216ACDE400810373 /* Frameworks */,
				D59B100D216ACDE400810373 /* Resources */,
			);
			buildRules = (
			);
			dependencies = (
				D59B1011216ACDE400810373 /* PBXTargetDependency */,
			);
			name = PeriodTrackerTests;
			productName = PeriodTrackerTests;
			productReference = D59B100F216ACDE400810373 /* PeriodTrackerTests.xctest */;
			productType = "com.apple.product-type.bundle.unit-test";
		};
		D59B1019216ACDE400810373 /* PeriodTrackerUITests */ = {
			isa = PBXNativeTarget;
			buildConfigurationList = D59B1029216ACDE400810373 /* Build configuration list for PBXNativeTarget "PeriodTrackerUITests" */;
			buildPhases = (
				39A67DBBB5C42C5CB5A8D9D9 /* [CP] Check Pods Manifest.lock */,
				D59B1016216ACDE400810373 /* Sources */,
				D59B1017216ACDE400810373 /* Frameworks */,
				D59B1018216ACDE400810373 /* Resources */,
			);
			buildRules = (
			);
			dependencies = (
				D59B101C216ACDE400810373 /* PBXTargetDependency */,
			);
			name = PeriodTrackerUITests;
			productName = PeriodTrackerUITests;
			productReference = D59B101A216ACDE400810373 /* PeriodTrackerUITests.xctest */;
			productType = "com.apple.product-type.bundle.ui-testing";
		};
/* End PBXNativeTarget section */

/* Begin PBXProject section */
		D59B0FF1216ACDE100810373 /* Project object */ = {
			isa = PBXProject;
			attributes = {
				LastSwiftUpdateCheck = 1000;
				LastUpgradeCheck = 1000;
				ORGANIZATIONNAME = "Brian Lykes";
				TargetAttributes = {
					D59B0FF8216ACDE100810373 = {
						CreatedOnToolsVersion = 10.0;
					};
					D59B100E216ACDE400810373 = {
						CreatedOnToolsVersion = 10.0;
						TestTargetID = D59B0FF8216ACDE100810373;
					};
					D59B1019216ACDE400810373 = {
						CreatedOnToolsVersion = 10.0;
						TestTargetID = D59B0FF8216ACDE100810373;
					};
				};
			};
			buildConfigurationList = D59B0FF4216ACDE100810373 /* Build configuration list for PBXProject "PeriodTracker" */;
			compatibilityVersion = "Xcode 9.3";
			developmentRegion = en;
			hasScannedForEncodings = 0;
			knownRegions = (
				en,
				Base,
			);
			mainGroup = D59B0FF0216ACDE100810373;
			productRefGroup = D59B0FFA216ACDE100810373 /* Products */;
			projectDirPath = "";
			projectRoot = "";
			targets = (
				D59B0FF8216ACDE100810373 /* PeriodTracker */,
				D59B100E216ACDE400810373 /* PeriodTrackerTests */,
				D59B1019216ACDE400810373 /* PeriodTrackerUITests */,
			);
		};
/* End PBXProject section */

/* Begin PBXResourcesBuildPhase section */
		D59B0FF7216ACDE100810373 /* Resources */ = {
			isa = PBXResourcesBuildPhase;
			buildActionMask = 2147483647;
			files = (
				D59B1009216ACDE400810373 /* LaunchScreen.storyboard in Resources */,
				92750D692198FCA800624CE5 /* GoogleService-Info.plist in Resources */,
				D59B1006216ACDE400810373 /* Assets.xcassets in Resources */,
				D59B1004216ACDE100810373 /* Main.storyboard in Resources */,
			);
			runOnlyForDeploymentPostprocessing = 0;
		};
		D59B100D216ACDE400810373 /* Resources */ = {
			isa = PBXResourcesBuildPhase;
			buildActionMask = 2147483647;
			files = (
			);
			runOnlyForDeploymentPostprocessing = 0;
		};
		D59B1018216ACDE400810373 /* Resources */ = {
			isa = PBXResourcesBuildPhase;
			buildActionMask = 2147483647;
			files = (
			);
			runOnlyForDeploymentPostprocessing = 0;
		};
/* End PBXResourcesBuildPhase section */

/* Begin PBXShellScriptBuildPhase section */
		39A67DBBB5C42C5CB5A8D9D9 /* [CP] Check Pods Manifest.lock */ = {
			isa = PBXShellScriptBuildPhase;
			buildActionMask = 2147483647;
			files = (
			);
			inputPaths = (
				"${PODS_PODFILE_DIR_PATH}/Podfile.lock",
				"${PODS_ROOT}/Manifest.lock",
			);
			name = "[CP] Check Pods Manifest.lock";
			outputPaths = (
				"$(DERIVED_FILE_DIR)/Pods-PeriodTrackerUITests-checkManifestLockResult.txt",
			);
			runOnlyForDeploymentPostprocessing = 0;
			shellPath = /bin/sh;
			shellScript = "diff \"${PODS_PODFILE_DIR_PATH}/Podfile.lock\" \"${PODS_ROOT}/Manifest.lock\" > /dev/null\nif [ $? != 0 ] ; then\n    # print error to STDERR\n    echo \"error: The sandbox is not in sync with the Podfile.lock. Run 'pod install' or update your CocoaPods installation.\" >&2\n    exit 1\nfi\n# This output is used by Xcode 'outputs' to avoid re-running this script phase.\necho \"SUCCESS\" > \"${SCRIPT_OUTPUT_FILE_0}\"\n";
			showEnvVarsInLog = 0;
		};
		6E798384B8C2CDABD264AEB4 /* [CP] Check Pods Manifest.lock */ = {
			isa = PBXShellScriptBuildPhase;
			buildActionMask = 2147483647;
			files = (
			);
			inputPaths = (
				"${PODS_PODFILE_DIR_PATH}/Podfile.lock",
				"${PODS_ROOT}/Manifest.lock",
			);
			name = "[CP] Check Pods Manifest.lock";
			outputPaths = (
				"$(DERIVED_FILE_DIR)/Pods-PeriodTrackerTests-checkManifestLockResult.txt",
			);
			runOnlyForDeploymentPostprocessing = 0;
			shellPath = /bin/sh;
			shellScript = "diff \"${PODS_PODFILE_DIR_PATH}/Podfile.lock\" \"${PODS_ROOT}/Manifest.lock\" > /dev/null\nif [ $? != 0 ] ; then\n    # print error to STDERR\n    echo \"error: The sandbox is not in sync with the Podfile.lock. Run 'pod install' or update your CocoaPods installation.\" >&2\n    exit 1\nfi\n# This output is used by Xcode 'outputs' to avoid re-running this script phase.\necho \"SUCCESS\" > \"${SCRIPT_OUTPUT_FILE_0}\"\n";
			showEnvVarsInLog = 0;
		};
		8A0ECCE7C4995112AF07146E /* [CP] Copy Pods Resources */ = {
			isa = PBXShellScriptBuildPhase;
			buildActionMask = 2147483647;
			files = (
			);
			inputPaths = (
				"${SRCROOT}/Pods/Target Support Files/Pods-PeriodTracker/Pods-PeriodTracker-resources.sh",
				"${PODS_CONFIGURATION_BUILD_DIR}/FirebaseFirestore/gRPCCertificates.bundle",
			);
			name = "[CP] Copy Pods Resources";
			outputPaths = (
				"${TARGET_BUILD_DIR}/${UNLOCALIZED_RESOURCES_FOLDER_PATH}/gRPCCertificates.bundle",
			);
			runOnlyForDeploymentPostprocessing = 0;
			shellPath = /bin/sh;
			shellScript = "\"${SRCROOT}/Pods/Target Support Files/Pods-PeriodTracker/Pods-PeriodTracker-resources.sh\"\n";
			showEnvVarsInLog = 0;
		};
		D3C77F004E4714276825628E /* [CP] Embed Pods Frameworks */ = {
			isa = PBXShellScriptBuildPhase;
			buildActionMask = 2147483647;
			files = (
			);
			inputPaths = (
				"${SRCROOT}/Pods/Target Support Files/Pods-PeriodTracker/Pods-PeriodTracker-frameworks.sh",
				"${BUILT_PRODUCTS_DIR}/BoringSSL/openssl.framework",
				"${BUILT_PRODUCTS_DIR}/GTMSessionFetcher/GTMSessionFetcher.framework",
				"${BUILT_PRODUCTS_DIR}/GoogleUtilities/GoogleUtilities.framework",
				"${BUILT_PRODUCTS_DIR}/Protobuf/Protobuf.framework",
				"${BUILT_PRODUCTS_DIR}/gRPC-C++/grpcpp.framework",
				"${BUILT_PRODUCTS_DIR}/gRPC-Core/grpc.framework",
				"${BUILT_PRODUCTS_DIR}/leveldb-library/leveldb.framework",
				"${BUILT_PRODUCTS_DIR}/nanopb/nanopb.framework",
			);
			name = "[CP] Embed Pods Frameworks";
			outputPaths = (
				"${TARGET_BUILD_DIR}/${FRAMEWORKS_FOLDER_PATH}/openssl.framework",
				"${TARGET_BUILD_DIR}/${FRAMEWORKS_FOLDER_PATH}/GTMSessionFetcher.framework",
				"${TARGET_BUILD_DIR}/${FRAMEWORKS_FOLDER_PATH}/GoogleUtilities.framework",
				"${TARGET_BUILD_DIR}/${FRAMEWORKS_FOLDER_PATH}/Protobuf.framework",
				"${TARGET_BUILD_DIR}/${FRAMEWORKS_FOLDER_PATH}/grpcpp.framework",
				"${TARGET_BUILD_DIR}/${FRAMEWORKS_FOLDER_PATH}/grpc.framework",
				"${TARGET_BUILD_DIR}/${FRAMEWORKS_FOLDER_PATH}/leveldb.framework",
				"${TARGET_BUILD_DIR}/${FRAMEWORKS_FOLDER_PATH}/nanopb.framework",
			);
			runOnlyForDeploymentPostprocessing = 0;
			shellPath = /bin/sh;
			shellScript = "\"${SRCROOT}/Pods/Target Support Files/Pods-PeriodTracker/Pods-PeriodTracker-frameworks.sh\"\n";
			showEnvVarsInLog = 0;
		};
		D7CA854BF67C50F488C53B38 /* [CP] Check Pods Manifest.lock */ = {
			isa = PBXShellScriptBuildPhase;
			buildActionMask = 2147483647;
			files = (
			);
			inputPaths = (
				"${PODS_PODFILE_DIR_PATH}/Podfile.lock",
				"${PODS_ROOT}/Manifest.lock",
			);
			name = "[CP] Check Pods Manifest.lock";
			outputPaths = (
				"$(DERIVED_FILE_DIR)/Pods-PeriodTracker-checkManifestLockResult.txt",
			);
			runOnlyForDeploymentPostprocessing = 0;
			shellPath = /bin/sh;
			shellScript = "diff \"${PODS_PODFILE_DIR_PATH}/Podfile.lock\" \"${PODS_ROOT}/Manifest.lock\" > /dev/null\nif [ $? != 0 ] ; then\n    # print error to STDERR\n    echo \"error: The sandbox is not in sync with the Podfile.lock. Run 'pod install' or update your CocoaPods installation.\" >&2\n    exit 1\nfi\n# This output is used by Xcode 'outputs' to avoid re-running this script phase.\necho \"SUCCESS\" > \"${SCRIPT_OUTPUT_FILE_0}\"\n";
			showEnvVarsInLog = 0;
		};
/* End PBXShellScriptBuildPhase section */

/* Begin PBXSourcesBuildPhase section */
		D59B0FF5216ACDE100810373 /* Sources */ = {
			isa = PBXSourcesBuildPhase;
			buildActionMask = 2147483647;
			files = (
				D59B1001216ACDE100810373 /* CalendarViewController.swift in Sources */,
				D51DC64A21AC78F900E7DAF8 /* MonthView.swift in Sources */,
				927E2F04218FCC2D008EC8CB /* MainTabController.swift in Sources */,
				D5D2541F21A46AF300563B2A /* ResetPassword.swift in Sources */,
				D51DC64921AC78F900E7DAF8 /* DoneButtonExtension.swift in Sources */,
				927E2F02218F9ACA008EC8CB /* RegisterController.swift in Sources */,
				D51DC64B21AC78F900E7DAF8 /* CalenderView.swift in Sources */,
				D59B0FFD216ACDE100810373 /* AppDelegate.swift in Sources */,
				D551ABA821B33A6A008D5B25 /* period.mlmodel in Sources */,
				D5D2542121A6376F00563B2A /* LoveScreen.swift in Sources */,
				9242969821A13ECE003A3CD3 /* NavigationController.swift in Sources */,
				92C9F8AE217BFE9C003E5E4B /* ThirdViewController.swift in Sources */,
				D51DC64C21AC78F900E7DAF8 /* WeekdaysView.swift in Sources */,
				929EC60821A11FDD0087A6DE /* LoginController.swift in Sources */,
				D59B0FFF216ACDE100810373 /* FirstViewController.swift in Sources */,
				927E2EFE218F9689008EC8CB /* InitialScreen.swift in Sources */,
			);
			runOnlyForDeploymentPostprocessing = 0;
		};
		D59B100B216ACDE400810373 /* Sources */ = {
			isa = PBXSourcesBuildPhase;
			buildActionMask = 2147483647;
			files = (
				D59B1014216ACDE400810373 /* PeriodTrackerTests.swift in Sources */,
			);
			runOnlyForDeploymentPostprocessing = 0;
		};
		D59B1016216ACDE400810373 /* Sources */ = {
			isa = PBXSourcesBuildPhase;
			buildActionMask = 2147483647;
			files = (
				D59B101F216ACDE400810373 /* PeriodTrackerUITests.swift in Sources */,
			);
			runOnlyForDeploymentPostprocessing = 0;
		};
/* End PBXSourcesBuildPhase section */

/* Begin PBXTargetDependency section */
		D59B1011216ACDE400810373 /* PBXTargetDependency */ = {
			isa = PBXTargetDependency;
			target = D59B0FF8216ACDE100810373 /* PeriodTracker */;
			targetProxy = D59B1010216ACDE400810373 /* PBXContainerItemProxy */;
		};
		D59B101C216ACDE400810373 /* PBXTargetDependency */ = {
			isa = PBXTargetDependency;
			target = D59B0FF8216ACDE100810373 /* PeriodTracker */;
			targetProxy = D59B101B216ACDE400810373 /* PBXContainerItemProxy */;
		};
/* End PBXTargetDependency section */

/* Begin PBXVariantGroup section */
		D59B1002216ACDE100810373 /* Main.storyboard */ = {
			isa = PBXVariantGroup;
			children = (
				D59B1003216ACDE100810373 /* Base */,
			);
			name = Main.storyboard;
			sourceTree = "<group>";
		};
		D59B1007216ACDE400810373 /* LaunchScreen.storyboard */ = {
			isa = PBXVariantGroup;
			children = (
				D59B1008216ACDE400810373 /* Base */,
			);
			name = LaunchScreen.storyboard;
			sourceTree = "<group>";
		};
/* End PBXVariantGroup section */

/* Begin XCBuildConfiguration section */
		D59B1021216ACDE400810373 /* Debug */ = {
			isa = XCBuildConfiguration;
			buildSettings = {
				ALWAYS_SEARCH_USER_PATHS = NO;
				CLANG_ANALYZER_NONNULL = YES;
				CLANG_ANALYZER_NUMBER_OBJECT_CONVERSION = YES_AGGRESSIVE;
				CLANG_CXX_LANGUAGE_STANDARD = "gnu++14";
				CLANG_CXX_LIBRARY = "libc++";
				CLANG_ENABLE_MODULES = YES;
				CLANG_ENABLE_OBJC_ARC = YES;
				CLANG_ENABLE_OBJC_WEAK = YES;
				CLANG_WARN_BLOCK_CAPTURE_AUTORELEASING = YES;
				CLANG_WARN_BOOL_CONVERSION = YES;
				CLANG_WARN_COMMA = YES;
				CLANG_WARN_CONSTANT_CONVERSION = YES;
				CLANG_WARN_DEPRECATED_OBJC_IMPLEMENTATIONS = YES;
				CLANG_WARN_DIRECT_OBJC_ISA_USAGE = YES_ERROR;
				CLANG_WARN_DOCUMENTATION_COMMENTS = YES;
				CLANG_WARN_EMPTY_BODY = YES;
				CLANG_WARN_ENUM_CONVERSION = YES;
				CLANG_WARN_INFINITE_RECURSION = YES;
				CLANG_WARN_INT_CONVERSION = YES;
				CLANG_WARN_NON_LITERAL_NULL_CONVERSION = YES;
				CLANG_WARN_OBJC_IMPLICIT_RETAIN_SELF = YES;
				CLANG_WARN_OBJC_LITERAL_CONVERSION = YES;
				CLANG_WARN_OBJC_ROOT_CLASS = YES_ERROR;
				CLANG_WARN_RANGE_LOOP_ANALYSIS = YES;
				CLANG_WARN_STRICT_PROTOTYPES = YES;
				CLANG_WARN_SUSPICIOUS_MOVE = YES;
				CLANG_WARN_UNGUARDED_AVAILABILITY = YES_AGGRESSIVE;
				CLANG_WARN_UNREACHABLE_CODE = YES;
				CLANG_WARN__DUPLICATE_METHOD_MATCH = YES;
				CODE_SIGN_IDENTITY = "iPhone Developer";
				COPY_PHASE_STRIP = NO;
				DEBUG_INFORMATION_FORMAT = dwarf;
				ENABLE_STRICT_OBJC_MSGSEND = YES;
				ENABLE_TESTABILITY = YES;
				GCC_C_LANGUAGE_STANDARD = gnu11;
				GCC_DYNAMIC_NO_PIC = NO;
				GCC_NO_COMMON_BLOCKS = YES;
				GCC_OPTIMIZATION_LEVEL = 0;
				GCC_PREPROCESSOR_DEFINITIONS = (
					"DEBUG=1",
					"$(inherited)",
				);
				GCC_WARN_64_TO_32_BIT_CONVERSION = YES;
				GCC_WARN_ABOUT_RETURN_TYPE = YES_ERROR;
				GCC_WARN_UNDECLARED_SELECTOR = YES;
				GCC_WARN_UNINITIALIZED_AUTOS = YES_AGGRESSIVE;
				GCC_WARN_UNUSED_FUNCTION = YES;
				GCC_WARN_UNUSED_VARIABLE = YES;
				IPHONEOS_DEPLOYMENT_TARGET = 12.0;
				MTL_ENABLE_DEBUG_INFO = INCLUDE_SOURCE;
				MTL_FAST_MATH = YES;
				ONLY_ACTIVE_ARCH = YES;
				SDKROOT = iphoneos;
				SWIFT_ACTIVE_COMPILATION_CONDITIONS = DEBUG;
				SWIFT_OPTIMIZATION_LEVEL = "-Onone";
			};
			name = Debug;
		};
		D59B1022216ACDE400810373 /* Release */ = {
			isa = XCBuildConfiguration;
			buildSettings = {
				ALWAYS_SEARCH_USER_PATHS = NO;
				CLANG_ANALYZER_NONNULL = YES;
				CLANG_ANALYZER_NUMBER_OBJECT_CONVERSION = YES_AGGRESSIVE;
				CLANG_CXX_LANGUAGE_STANDARD = "gnu++14";
				CLANG_CXX_LIBRARY = "libc++";
				CLANG_ENABLE_MODULES = YES;
				CLANG_ENABLE_OBJC_ARC = YES;
				CLANG_ENABLE_OBJC_WEAK = YES;
				CLANG_WARN_BLOCK_CAPTURE_AUTORELEASING = YES;
				CLANG_WARN_BOOL_CONVERSION = YES;
				CLANG_WARN_COMMA = YES;
				CLANG_WARN_CONSTANT_CONVERSION = YES;
				CLANG_WARN_DEPRECATED_OBJC_IMPLEMENTATIONS = YES;
				CLANG_WARN_DIRECT_OBJC_ISA_USAGE = YES_ERROR;
				CLANG_WARN_DOCUMENTATION_COMMENTS = YES;
				CLANG_WARN_EMPTY_BODY = YES;
				CLANG_WARN_ENUM_CONVERSION = YES;
				CLANG_WARN_INFINITE_RECURSION = YES;
				CLANG_WARN_INT_CONVERSION = YES;
				CLANG_WARN_NON_LITERAL_NULL_CONVERSION = YES;
				CLANG_WARN_OBJC_IMPLICIT_RETAIN_SELF = YES;
				CLANG_WARN_OBJC_LITERAL_CONVERSION = YES;
				CLANG_WARN_OBJC_ROOT_CLASS = YES_ERROR;
				CLANG_WARN_RANGE_LOOP_ANALYSIS = YES;
				CLANG_WARN_STRICT_PROTOTYPES = YES;
				CLANG_WARN_SUSPICIOUS_MOVE = YES;
				CLANG_WARN_UNGUARDED_AVAILABILITY = YES_AGGRESSIVE;
				CLANG_WARN_UNREACHABLE_CODE = YES;
				CLANG_WARN__DUPLICATE_METHOD_MATCH = YES;
				CODE_SIGN_IDENTITY = "iPhone Developer";
				COPY_PHASE_STRIP = NO;
				DEBUG_INFORMATION_FORMAT = "dwarf-with-dsym";
				ENABLE_NS_ASSERTIONS = NO;
				ENABLE_STRICT_OBJC_MSGSEND = YES;
				GCC_C_LANGUAGE_STANDARD = gnu11;
				GCC_NO_COMMON_BLOCKS = YES;
				GCC_WARN_64_TO_32_BIT_CONVERSION = YES;
				GCC_WARN_ABOUT_RETURN_TYPE = YES_ERROR;
				GCC_WARN_UNDECLARED_SELECTOR = YES;
				GCC_WARN_UNINITIALIZED_AUTOS = YES_AGGRESSIVE;
				GCC_WARN_UNUSED_FUNCTION = YES;
				GCC_WARN_UNUSED_VARIABLE = YES;
				IPHONEOS_DEPLOYMENT_TARGET = 12.0;
				MTL_ENABLE_DEBUG_INFO = NO;
				MTL_FAST_MATH = YES;
				SDKROOT = iphoneos;
				SWIFT_COMPILATION_MODE = wholemodule;
				SWIFT_OPTIMIZATION_LEVEL = "-O";
				VALIDATE_PRODUCT = YES;
			};
			name = Release;
		};
		D59B1024216ACDE400810373 /* Debug */ = {
			isa = XCBuildConfiguration;
			baseConfigurationReference = CF5EAF6E600579F1ADBF3FE9 /* Pods-PeriodTracker.debug.xcconfig */;
			buildSettings = {
				ASSETCATALOG_COMPILER_APPICON_NAME = AppIcon;
				CODE_SIGN_STYLE = Automatic;
				DEVELOPMENT_TEAM = A4WBZ348TW;
				INFOPLIST_FILE = PeriodTracker/Info.plist;
				LD_RUNPATH_SEARCH_PATHS = (
					"$(inherited)",
					"@executable_path/Frameworks",
				);
				PRODUCT_BUNDLE_IDENTIFIER = None.PeriodTracker;
				PRODUCT_NAME = "$(TARGET_NAME)";
				SWIFT_VERSION = 4.2;
				TARGETED_DEVICE_FAMILY = 1;
			};
			name = Debug;
		};
		D59B1025216ACDE400810373 /* Release */ = {
			isa = XCBuildConfiguration;
			baseConfigurationReference = 6FFAC3AC2EA7609B288FDC9B /* Pods-PeriodTracker.release.xcconfig */;
			buildSettings = {
				ASSETCATALOG_COMPILER_APPICON_NAME = AppIcon;
				CODE_SIGN_STYLE = Automatic;
				DEVELOPMENT_TEAM = A4WBZ348TW;
				INFOPLIST_FILE = PeriodTracker/Info.plist;
				LD_RUNPATH_SEARCH_PATHS = (
					"$(inherited)",
					"@executable_path/Frameworks",
				);
				PRODUCT_BUNDLE_IDENTIFIER = None.PeriodTracker;
				PRODUCT_NAME = "$(TARGET_NAME)";
				SWIFT_VERSION = 4.2;
				TARGETED_DEVICE_FAMILY = 1;
			};
			name = Release;
		};
		D59B1027216ACDE400810373 /* Debug */ = {
			isa = XCBuildConfiguration;
			baseConfigurationReference = 042F7C215C0E2635B2BD0ADF /* Pods-PeriodTrackerTests.debug.xcconfig */;
			buildSettings = {
				ALWAYS_EMBED_SWIFT_STANDARD_LIBRARIES = YES;
				BUNDLE_LOADER = "$(TEST_HOST)";
				CODE_SIGN_STYLE = Automatic;
				INFOPLIST_FILE = PeriodTrackerTests/Info.plist;
				LD_RUNPATH_SEARCH_PATHS = (
					"$(inherited)",
					"@executable_path/Frameworks",
					"@loader_path/Frameworks",
				);
				PRODUCT_BUNDLE_IDENTIFIER = None.PeriodTrackerTests;
				PRODUCT_NAME = "$(TARGET_NAME)";
				SWIFT_VERSION = 4.2;
				TARGETED_DEVICE_FAMILY = "1,2";
				TEST_HOST = "$(BUILT_PRODUCTS_DIR)/PeriodTracker.app/PeriodTracker";
			};
			name = Debug;
		};
		D59B1028216ACDE400810373 /* Release */ = {
			isa = XCBuildConfiguration;
			baseConfigurationReference = 724B317DF1A5F98FF23B4A03 /* Pods-PeriodTrackerTests.release.xcconfig */;
			buildSettings = {
				ALWAYS_EMBED_SWIFT_STANDARD_LIBRARIES = YES;
				BUNDLE_LOADER = "$(TEST_HOST)";
				CODE_SIGN_STYLE = Automatic;
				INFOPLIST_FILE = PeriodTrackerTests/Info.plist;
				LD_RUNPATH_SEARCH_PATHS = (
					"$(inherited)",
					"@executable_path/Frameworks",
					"@loader_path/Frameworks",
				);
				PRODUCT_BUNDLE_IDENTIFIER = None.PeriodTrackerTests;
				PRODUCT_NAME = "$(TARGET_NAME)";
				SWIFT_VERSION = 4.2;
				TARGETED_DEVICE_FAMILY = "1,2";
				TEST_HOST = "$(BUILT_PRODUCTS_DIR)/PeriodTracker.app/PeriodTracker";
			};
			name = Release;
		};
		D59B102A216ACDE400810373 /* Debug */ = {
			isa = XCBuildConfiguration;
			baseConfigurationReference = F77F128594107599BE357FA5 /* Pods-PeriodTrackerUITests.debug.xcconfig */;
			buildSettings = {
				ALWAYS_EMBED_SWIFT_STANDARD_LIBRARIES = YES;
				CODE_SIGN_STYLE = Automatic;
				INFOPLIST_FILE = PeriodTrackerUITests/Info.plist;
				LD_RUNPATH_SEARCH_PATHS = (
					"$(inherited)",
					"@executable_path/Frameworks",
					"@loader_path/Frameworks",
				);
				PRODUCT_BUNDLE_IDENTIFIER = None.PeriodTrackerUITests;
				PRODUCT_NAME = "$(TARGET_NAME)";
				SWIFT_VERSION = 4.2;
				TARGETED_DEVICE_FAMILY = "1,2";
				TEST_TARGET_NAME = PeriodTracker;
			};
			name = Debug;
		};
		D59B102B216ACDE400810373 /* Release */ = {
			isa = XCBuildConfiguration;
			baseConfigurationReference = CE643EA13668161122F88C38 /* Pods-PeriodTrackerUITests.release.xcconfig */;
			buildSettings = {
				ALWAYS_EMBED_SWIFT_STANDARD_LIBRARIES = YES;
				CODE_SIGN_STYLE = Automatic;
				INFOPLIST_FILE = PeriodTrackerUITests/Info.plist;
				LD_RUNPATH_SEARCH_PATHS = (
					"$(inherited)",
					"@executable_path/Frameworks",
					"@loader_path/Frameworks",
				);
				PRODUCT_BUNDLE_IDENTIFIER = None.PeriodTrackerUITests;
				PRODUCT_NAME = "$(TARGET_NAME)";
				SWIFT_VERSION = 4.2;
				TARGETED_DEVICE_FAMILY = "1,2";
				TEST_TARGET_NAME = PeriodTracker;
			};
			name = Release;
		};
/* End XCBuildConfiguration section */

/* Begin XCConfigurationList section */
		D59B0FF4216ACDE100810373 /* Build configuration list for PBXProject "PeriodTracker" */ = {
			isa = XCConfigurationList;
			buildConfigurations = (
				D59B1021216ACDE400810373 /* Debug */,
				D59B1022216ACDE400810373 /* Release */,
			);
			defaultConfigurationIsVisible = 0;
			defaultConfigurationName = Release;
		};
		D59B1023216ACDE400810373 /* Build configuration list for PBXNativeTarget "PeriodTracker" */ = {
			isa = XCConfigurationList;
			buildConfigurations = (
				D59B1024216ACDE400810373 /* Debug */,
				D59B1025216ACDE400810373 /* Release */,
			);
			defaultConfigurationIsVisible = 0;
			defaultConfigurationName = Release;
		};
		D59B1026216ACDE400810373 /* Build configuration list for PBXNativeTarget "PeriodTrackerTests" */ = {
			isa = XCConfigurationList;
			buildConfigurations = (
				D59B1027216ACDE400810373 /* Debug */,
				D59B1028216ACDE400810373 /* Release */,
			);
			defaultConfigurationIsVisible = 0;
			defaultConfigurationName = Release;
		};
		D59B1029216ACDE400810373 /* Build configuration list for PBXNativeTarget "PeriodTrackerUITests" */ = {
			isa = XCConfigurationList;
			buildConfigurations = (
				D59B102A216ACDE400810373 /* Debug */,
				D59B102B216ACDE400810373 /* Release */,
			);
			defaultConfigurationIsVisible = 0;
			defaultConfigurationName = Release;
		};
/* End XCConfigurationList section */
	};
	rootObject = D59B0FF1216ACDE100810373 /* Project object */;
}
